{"version":4,"terraform_version":"1.10.6","serial":4,"lineage":"a918cbd3-1b0c-a668-e0a7-6a9c77397c56","outputs":{},"resources":[{"mode":"managed","type":"github_repository","name":"projected_releases","provider":"provider[\"registry.opentofu.org/integrations/github\"]","instances":[{"schema_version":1,"attributes":{"allow_auto_merge":true,"allow_forking":true,"allow_merge_commit":false,"allow_rebase_merge":false,"allow_squash_merge":true,"allow_update_branch":false,"archive_on_destroy":null,"archived":false,"auto_init":false,"default_branch":"master","delete_branch_on_merge":true,"description":"Says on a pull request which release-please tags merging it will cut, in manifest or plain mode.","etag":"W/\"0c9fc45b56c273331bd8e7c5ba554d26c0bfc4f127c4cdfcbc97638709023516\"","fork":"false","full_name":"jmcvetta/release-please-projected-releases-action","git_clone_url":"git://github.com/jmcvetta/release-please-projected-releases-action.git","gitignore_template":null,"has_discussions":false,"has_downloads":false,"has_issues":true,"has_projects":true,"has_wiki":true,"homepage_url":"","html_url":"https://github.com/jmcvetta/release-please-projected-releases-action","http_clone_url":"https://github.com/jmcvetta/release-please-projected-releases-action.git","id":"release-please-projected-releases-action","ignore_vulnerability_alerts_during_read":false,"is_template":false,"license_template":null,"merge_commit_message":"PR_TITLE","merge_commit_title":"MERGE_MESSAGE","name":"release-please-projected-releases-action","node_id":"R_kgDOUL1Dgw","pages":[],"primary_language":"TypeScript","private":false,"repo_id":1354580867,"security_and_analysis":[{"advanced_security":[],"code_security":[],"secret_scanning":[{"status":"enabled"}],"secret_scanning_ai_detection":[],"secret_scanning_non_provider_patterns":[],"secret_scanning_push_protection":[{"status":"enabled"}]}],"source_owner":"","source_repo":"","squash_merge_commit_message":"PR_BODY","squash_merge_commit_title":"PR_TITLE","ssh_clone_url":"git@github.com:jmcvetta/release-please-projected-releases-action.git","svn_url":"https://github.com/jmcvetta/release-please-projected-releases-action","template":[],"topics":["changelog","conventional-commits","github-action","github-actions","monorepo","release-automation","release-please","semantic-versioning","semver","versioning"],"visibility":"public","vulnerability_alerts":true,"web_commit_signoff_required":false},"sensitive_attributes":[],"private":"eyJzY2hlbWFfdmVyc2lvbiI6IjEifQ=="}]},{"mode":"managed","type":"github_repository_dependabot_security_updates","name":"projected_releases","provider":"provider[\"registry.opentofu.org/integrations/github\"]","instances":[{"schema_version":0,"attributes":{"enabled":true,"id":"release-please-projected-releases-action","repository":"release-please-projected-releases-action"},"sensitive_attributes":[],"private":"eyJzY2hlbWFfdmVyc2lvbiI6IjAifQ==","dependencies":["github_repository.projected_releases"]}]},{"mode":"managed","type":"github_repository_ruleset","name":"master","provider":"provider[\"registry.opentofu.org/integrations/github\"]","instances":[{"schema_version":1,"attributes":{"bypass_actors":[{"actor_id":4,"actor_type":"RepositoryRole","bypass_mode":"pull_request"}],"conditions":[{"ref_name":[{"exclude":[],"include":["~DEFAULT_BRANCH"]}]}],"enforcement":"active","etag":"W/\"fb0d2d219ef05ae150bbbf2b1357bddb01bbbf3d345e2f6ffdfdf776926dcc27\"","id":"22177376","name":"master","node_id":"RRS_lACqUmVwb3NpdG9yec5QvUODzgFSZmA","repository":"release-please-projected-releases-action","rules":[{"branch_name_pattern":[],"commit_author_email_pattern":[],"commit_message_pattern":[],"committer_email_pattern":[],"copilot_code_review":[],"creation":false,"deletion":true,"file_extension_restriction":[],"file_path_restriction":[],"max_file_path_length":[],"max_file_size":[],"merge_queue":[],"non_fast_forward":true,"pull_request":[{"allowed_merge_methods":["squash"],"dismiss_stale_reviews_on_push":false,"require_code_owner_review":false,"require_last_push_approval":false,"required_approving_review_count":0,"required_review_thread_resolution":false,"required_reviewers":[]}],"required_code_scanning":[],"required_deployments":[],"required_linear_history":false,"required_signatures":false,"required_status_checks":[{"do_not_enforce_on_create":false,"required_check":[{"context":"validate-title","integration_id":0}],"strict_required_status_checks_policy":false}],"tag_name_pattern":[],"update":false,"update_allows_fetch_and_merge":false}],"ruleset_id":22177376,"target":"branch"},"sensitive_attributes":[],"private":"eyJzY2hlbWFfdmVyc2lvbiI6IjEifQ==","dependencies":["github_repository.projected_releases"]}]},{"mode":"managed","type":"github_repository_vulnerability_alerts","name":"projected_releases","provider":"provider[\"registry.opentofu.org/integrations/github\"]","instances":[{"schema_version":0,"attributes":{"enabled":true,"id":"1354580867","repository":"release-please-projected-releases-action","repository_id":1354580867},"sensitive_attributes":[],"private":"eyJzY2hlbWFfdmVyc2lvbiI6IjAifQ==","dependencies":["github_repository.projected_releases"]}]},{"mode":"managed","type":"github_workflow_repository_permissions","name":"projected_releases","provider":"provider[\"registry.opentofu.org/integrations/github\"]","instances":[{"schema_version":0,"attributes":{"can_approve_pull_request_reviews":true,"default_workflow_permissions":"read","id":"release-please-projected-releases-action","repository":"release-please-projected-releases-action"},"sensitive_attributes":[],"private":"bnVsbA==","dependencies":["github_repository.projected_releases"]}]}],"check_results":null}
